
Microsoft Visual Studio Solution File, Format Version 12.00
# Visual Studio Version 17
VisualStudioVersion = 17.4.33205.214
MinimumVisualStudioVersion = 10.0.40219.1
Project("{FAE04EC0-301F-11D3-BF4B-00C04F79EFBC}") = "WazZeczny", "WazZeczny\WazZeczny.csproj", "{3D354533-D4C7-492C-B679-ECC4B8E494F3}"
EndProject
Global
	GlobalSection(SolutionConfigurationPlatforms) = preSolution
		Debug|Any CPU = Debug|Any CPU
		Release|Any CPU = Release|Any CPU
	EndGlobalSection
	GlobalSection(ProjectConfigurationPlatforms) = postSolution
		{3D354533-D4C7-492C-B679-ECC4B8E494F3}.Debug|Any CPU.ActiveCfg = Debug|Any CPU
		{3D354533-D4C7-492C-B679-ECC4B8E494F3}.Debug|Any CPU.Build.0 = Debug|Any CPU
		{3D354533-D4C7-492C-B679-ECC4B8E494F3}.Release|Any CPU.ActiveCfg = Release|Any CPU
		{3D354533-D4C7-492C-B679-ECC4B8E494F3}.Release|Any CPU.Build.0 = Release|Any CPU
	EndGlobalSection
	GlobalSection(SolutionProperties) = preSolution
		HideSolutionNode = FALSE
	EndGlobalSection
	GlobalSection(ExtensibilityGlobals) = postSolution
		SolutionGuid = {0596A2BF-CEB4-4688-BA2D-A5798D9AB08E}
	EndGlobalSection
EndGlobal
